
Microsoft Visual Studio Solution File, Format Version 12.00
# Visual Studio Version 16
VisualStudioVersion = 16.0.31410.357
MinimumVisualStudioVersion = 10.0.40219.1
Project("{FAE04EC0-301F-11D3-BF4B-00C04F79EFBC}") = "Desktop_Mascot", "Desktop_Mascot.csproj", "{B3A7B2DF-2965-4F3E-867F-1D175857644B}"
EndProject
Global
	GlobalSection(SolutionConfigurationPlatforms) = preSolution
		Debug|Any CPU = Debug|Any CPU
		Release|Any CPU = Release|Any CPU
	EndGlobalSection
	GlobalSection(ProjectConfigurationPlatforms) = postSolution
		{B3A7B2DF-2965-4F3E-867F-1D175857644B}.Debug|Any CPU.ActiveCfg = Debug|Any CPU
		{B3A7B2DF-2965-4F3E-867F-1D175857644B}.Debug|Any CPU.Build.0 = Debug|Any CPU
		{B3A7B2DF-2965-4F3E-867F-1D175857644B}.Release|Any CPU.ActiveCfg = Release|Any CPU
		{B3A7B2DF-2965-4F3E-867F-1D175857644B}.Release|Any CPU.Build.0 = Release|Any CPU
	EndGlobalSection
	GlobalSection(SolutionProperties) = preSolution
		HideSolutionNode = FALSE
	EndGlobalSection
	GlobalSection(ExtensibilityGlobals) = postSolution
		SolutionGuid = {22F24C58-9D71-45CB-A951-CA7BF78DF549}
	EndGlobalSection
EndGlobal
